
Microsoft Visual Studio Solution File, Format Version 12.00
# Visual Studio Version 17
VisualStudioVersion = 17.1.32414.318
MinimumVisualStudioVersion = 10.0.40219.1
Project("{FAE04EC0-301F-11D3-BF4B-00C04F79EFBC}") = "Shape", "Shape\Shape.csproj", "{089BD160-6DD5-45CA-9295-2EB80AEC666C}"
EndProject
Global
	GlobalSection(SolutionConfigurationPlatforms) = preSolution
		Debug|Any CPU = Debug|Any CPU
		Release|Any CPU = Release|Any CPU
	EndGlobalSection
	GlobalSection(ProjectConfigurationPlatforms) = postSolution
		{089BD160-6DD5-45CA-9295-2EB80AEC666C}.Debug|Any CPU.ActiveCfg = Debug|Any CPU
		{089BD160-6DD5-45CA-9295-2EB80AEC666C}.Debug|Any CPU.Build.0 = Debug|Any CPU
		{089BD160-6DD5-45CA-9295-2EB80AEC666C}.Release|Any CPU.ActiveCfg = Release|Any CPU
		{089BD160-6DD5-45CA-9295-2EB80AEC666C}.Release|Any CPU.Build.0 = Release|Any CPU
	EndGlobalSection
	GlobalSection(SolutionProperties) = preSolution
		HideSolutionNode = FALSE
	EndGlobalSection
	GlobalSection(ExtensibilityGlobals) = postSolution
		SolutionGuid = {09B61858-2708-4968-8F32-C051B12AF595}
	EndGlobalSection
EndGlobal
